// !$*UTF8*$!
{
	archiveVersion = 1;
	classes = {
	};
	objectVersion = 48;
	objects = {

/* Begin PBXBuildFile section */
		EF199F9520589B2200E53E51 /* AppDelegate.swift in Sources */ = {isa = PBXBuildFile; fileRef = EF199F9420589B2200E53E51 /* AppDelegate.swift */; };
		EF199F9720589B2200E53E51 /* ViewController.swift in Sources */ = {isa = PBXBuildFile; fileRef = EF199F9620589B2200E53E51 /* ViewController.swift */; };
		EF199F9A20589B2200E53E51 /* Main.storyboard in Resources */ = {isa = PBXBuildFile; fileRef = EF199F9820589B2200E53E51 /* Main.storyboard */; };
		EF199F9D20589B2200E53E51 /* SimpleLocation.xcdatamodeld in Sources */ = {isa = PBXBuildFile; fileRef = EF199F9B20589B2200E53E51 /* SimpleLocation.xcdatamodeld */; };
		EF199F9F20589B2200E53E51 /* Assets.xcassets in Resources */ = {isa = PBXBuildFile; fileRef = EF199F9E20589B2200E53E51 /* Assets.xcassets */; };
		EF199FA220589B2200E53E51 /* LaunchScreen.storyboard in Resources */ = {isa = PBXBuildFile; fileRef = EF199FA020589B2200E53E51 /* LaunchScreen.storyboard */; };
		EFA4521020591FA4009AA766 /* GeocodingViewController.swift in Sources */ = {isa = PBXBuildFile; fileRef = EFA4520F20591FA4009AA766 /* GeocodingViewController.swift */; };
		EFA4521220595FC9009AA766 /* RegionMonitoringViewController.swift in Sources */ = {isa = PBXBuildFile; fileRef = EFA4521120595FC9009AA766 /* RegionMonitoringViewController.swift */; };
		EFA452142059673A009AA766 /* To Apple and Back.gpx in Resources */ = {isa = PBXBuildFile; fileRef = EFA452132059673A009AA766 /* To Apple and Back.gpx */; };
/* End PBXBuildFile section */

/* Begin PBXFileReference section */
		EF199F9120589B2200E53E51 /* SimpleLocation.app */ = {isa = PBXFileReference; explicitFileType = wrapper.application; includeInIndex = 0; path = SimpleLocation.app; sourceTree = BUILT_PRODUCTS_DIR; };
		EF199F9420589B2200E53E51 /* AppDelegate.swift */ = {isa = PBXFileReference; lastKnownFileType = sourcecode.swift; path = AppDelegate.swift; sourceTree = "<group>"; };
		EF199F9620589B2200E53E51 /* ViewController.swift */ = {isa = PBXFileReference; lastKnownFileType = sourcecode.swift; path = ViewController.swift; sourceTree = "<group>"; };
		EF199F9920589B2200E53E51 /* Base */ = {isa = PBXFileReference; lastKnownFileType = file.storyboard; name = Base; path = Base.lproj/Main.storyboard; sourceTree = "<group>"; };
		EF199F9C20589B2200E53E51 /* SimpleLocation.xcdatamodel */ = {isa = PBXFileReference; lastKnownFileType = wrapper.xcdatamodel; path = SimpleLocation.xcdatamodel; sourceTree = "<group>"; };
		EF199F9E20589B2200E53E51 /* Assets.xcassets */ = {isa = PBXFileReference; lastKnownFileType = folder.assetcatalog; path = Assets.xcassets; sourceTree = "<group>"; };
		EF199FA120589B2200E53E51 /* Base */ = {isa = PBXFileReference; lastKnownFileType = file.storyboard; name = Base; path = Base.lproj/LaunchScreen.storyboard; sourceTree = "<group>"; };
		EF199FA320589B2200E53E51 /* Info.plist */ = {isa = PBXFileReference; lastKnownFileType = text.plist.xml; path = Info.plist; sourceTree = "<group>"; };
		EFA4520F20591FA4009AA766 /* GeocodingViewController.swift */ = {isa = PBXFileReference; lastKnownFileType = sourcecode.swift; path = GeocodingViewController.swift; sourceTree = "<group>"; };
		EFA4521120595FC9009AA766 /* RegionMonitoringViewController.swift */ = {isa = PBXFileReference; lastKnownFileType = sourcecode.swift; path = RegionMonitoringViewController.swift; sourceTree = "<group>"; };
		EFA452132059673A009AA766 /* To Apple and Back.gpx */ = {isa = PBXFileReference; lastKnownFileType = text; path = "To Apple and Back.gpx"; sourceTree = "<group>"; };
/* End PBXFileReference section */

/* Begin PBXFrameworksBuildPhase section */
		EF199F8E20589B2200E53E51 /* Frameworks */ = {
			isa = PBXFrameworksBuildPhase;
			buildActionMask = 2147483647;
			files = (
			);
			runOnlyForDeploymentPostprocessing = 0;
		};
/* End PBXFrameworksBuildPhase section */

/* Begin PBXGroup section */
		EF199F8820589B2200E53E51 = {
			isa = PBXGroup;
			children = (
				EF199F9320589B2200E53E51 /* SimpleLocation */,
				EF199F9220589B2200E53E51 /* Products */,
			);
			sourceTree = "<group>";
		};
		EF199F9220589B2200E53E51 /* Products */ = {
			isa = PBXGroup;
			children = (
				EF199F9120589B2200E53E51 /* SimpleLocation.app */,
			);
			name = Products;
			sourceTree = "<group>";
		};
		EF199F9320589B2200E53E51 /* SimpleLocation */ = {
			isa = PBXGroup;
			children = (
				EF199F9420589B2200E53E51 /* AppDelegate.swift */,
				EF199F9620589B2200E53E51 /* ViewController.swift */,
				EFA4520F20591FA4009AA766 /* GeocodingViewController.swift */,
				EFA4521120595FC9009AA766 /* RegionMonitoringViewController.swift */,
				EF199F9820589B2200E53E51 /* Main.storyboard */,
				EF199F9E20589B2200E53E51 /* Assets.xcassets */,
				EF199FA020589B2200E53E51 /* LaunchScreen.storyboard */,
				EF199FA320589B2200E53E51 /* Info.plist */,
				EF199F9B20589B2200E53E51 /* SimpleLocation.xcdatamodeld */,
				EFA452132059673A009AA766 /* To Apple and Back.gpx */,
			);
			path = SimpleLocation;
			sourceTree = "<group>";
		};
/* End PBXGroup section */

/* Begin PBXNativeTarget section */
		EF199F9020589B2200E53E51 /* SimpleLocation */ = {
			isa = PBXNativeTarget;
			buildConfigurationList = EF199FA620589B2200E53E51 /* Build configuration list for PBXNativeTarget "SimpleLocation" */;
			buildPhases = (
				EF199F8D20589B2200E53E51 /* Sources */,
				EF199F8E20589B2200E53E51 /* Frameworks */,
				EF199F8F20589B2200E53E51 /* Resources */,
			);
			buildRules = (
			);
			dependencies = (
			);
			name = SimpleLocation;
			productName = SimpleLocation;
			productReference = EF199F9120589B2200E53E51 /* SimpleLocation.app */;
			productType = "com.apple.product-type.application";
		};
/* End PBXNativeTarget section */

/* Begin PBXProject section */
		EF199F8920589B2200E53E51 /* Project object */ = {
			isa = PBXProject;
			attributes = {
				LastSwiftUpdateCheck = 0920;
				LastUpgradeCheck = 0920;
				ORGANIZATIONNAME = "Chidi Emeh";
				TargetAttributes = {
					EF199F9020589B2200E53E51 = {
						CreatedOnToolsVersion = 9.2;
						ProvisioningStyle = Automatic;
						SystemCapabilities = {
							com.apple.BackgroundModes = {
								enabled = 1;
							};
						};
					};
				};
			};
			buildConfigurationList = EF199F8C20589B2200E53E51 /* Build configuration list for PBXProject "SimpleLocation" */;
			compatibilityVersion = "Xcode 8.0";
			developmentRegion = en;
			hasScannedForEncodings = 0;
			knownRegions = (
				en,
				Base,
			);
			mainGroup = EF199F8820589B2200E53E51;
			productRefGroup = EF199F9220589B2200E53E51 /* Products */;
			projectDirPath = "";
			projectRoot = "";
			targets = (
				EF199F9020589B2200E53E51 /* SimpleLocation */,
			);
		};
/* End PBXProject section */

/* Begin PBXResourcesBuildPhase section */
		EF199F8F20589B2200E53E51 /* Resources */ = {
			isa = PBXResourcesBuildPhase;
			buildActionMask = 2147483647;
			files = (
				EF199FA220589B2200E53E51 /* LaunchScreen.storyboard in Resources */,
				EF199F9F20589B2200E53E51 /* Assets.xcassets in Resources */,
				EF199F9A20589B2200E53E51 /* Main.storyboard in Resources */,
				EFA452142059673A009AA766 /* To Apple and Back.gpx in Resources */,
			);
			runOnlyForDeploymentPostprocessing = 0;
		};
/* End PBXResourcesBuildPhase section */

/* Begin PBXSourcesBuildPhase section */
		EF199F8D20589B2200E53E51 /* Sources */ = {
			isa = PBXSourcesBuildPhase;
			buildActionMask = 2147483647;
			files = (
				EF199F9720589B2200E53E51 /* ViewController.swift in Sources */,
				EF199F9520589B2200E53E51 /* AppDelegate.swift in Sources */,
				EFA4521220595FC9009AA766 /* RegionMonitoringViewController.swift in Sources */,
				EFA4521020591FA4009AA766 /* GeocodingViewController.swift in Sources */,
				EF199F9D20589B2200E53E51 /* SimpleLocation.xcdatamodeld in Sources */,
			);
			runOnlyForDeploymentPostprocessing = 0;
		};
/* End PBXSourcesBuildPhase section */

/* Begin PBXVariantGroup section */
		EF199F9820589B2200E53E51 /* Main.storyboard */ = {
			isa = PBXVariantGroup;
			children = (
				EF199F9920589B2200E53E51 /* Base */,
			);
			name = Main.storyboard;
			sourceTree = "<group>";
		};
		EF199FA020589B2200E53E51 /* LaunchScreen.storyboard */ = {
			isa = PBXVariantGroup;
			children = (
				EF199FA120589B2200E53E51 /* Base */,
			);
			name = LaunchScreen.storyboard;
			sourceTree = "<group>";
		};
/* End PBXVariantGroup section */

/* Begin XCBuildConfiguration section */
		EF199FA420589B2200E53E51 /* Debug */ = {
			isa = XCBuildConfiguration;
			buildSettings = {
				ALWAYS_SEARCH_USER_PATHS = NO;
				CLANG_ANALYZER_NONNULL = YES;
				CLANG_ANALYZER_NUMBER_OBJECT_CONVERSION = YES_AGGRESSIVE;
				CLANG_CXX_LANGUAGE_STANDARD = "gnu++14";
				CLANG_CXX_LIBRARY = "libc++";
				CLANG_ENABLE_MODULES = YES;
				CLANG_ENABLE_OBJC_ARC = YES;
				CLANG_WARN_BLOCK_CAPTURE_AUTORELEASING = YES;
				CLANG_WARN_BOOL_CONVERSION = YES;
				CLANG_WARN_COMMA = YES;
				CLANG_WARN_CONSTANT_CONVERSION = YES;
				CLANG_WARN_DIRECT_OBJC_ISA_USAGE = YES_ERROR;
				CLANG_WARN_DOCUMENTATION_COMMENTS = YES;
				CLANG_WARN_EMPTY_BODY = YES;
				CLANG_WARN_ENUM_CONVERSION = YES;
				CLANG_WARN_INFINITE_RECURSION = YES;
				CLANG_WARN_INT_CONVERSION = YES;
				CLANG_WARN_NON_LITERAL_NULL_CONVERSION = YES;
				CLANG_WARN_OBJC_LITERAL_CONVERSION = YES;
				CLANG_WARN_OBJC_ROOT_CLASS = YES_ERROR;
				CLANG_WARN_RANGE_LOOP_ANALYSIS = YES;
				CLANG_WARN_STRICT_PROTOTYPES = YES;
				CLANG_WARN_SUSPICIOUS_MOVE = YES;
				CLANG_WARN_UNGUARDED_AVAILABILITY = YES_AGGRESSIVE;
				CLANG_WARN_UNREACHABLE_CODE = YES;
				CLANG_WARN__DUPLICATE_METHOD_MATCH = YES;
				CODE_SIGN_IDENTITY = "iPhone Developer";
				COPY_PHASE_STRIP = NO;
				DEBUG_INFORMATION_FORMAT = dwarf;
				ENABLE_STRICT_OBJC_MSGSEND = YES;
				ENABLE_TESTABILITY = YES;
				GCC_C_LANGUAGE_STANDARD = gnu11;
				GCC_DYNAMIC_NO_PIC = NO;
				GCC_NO_COMMON_BLOCKS = YES;
				GCC_OPTIMIZATION_LEVEL = 0;
				GCC_PREPROCESSOR_DEFINITIONS = (
					"DEBUG=1",
					"$(inherited)",
				);
				GCC_WARN_64_TO_32_BIT_CONVERSION = YES;
				GCC_WARN_ABOUT_RETURN_TYPE = YES_ERROR;
				GCC_WARN_UNDECLARED_SELECTOR = YES;
				GCC_WARN_UNINITIALIZED_AUTOS = YES_AGGRESSIVE;
				GCC_WARN_UNUSED_FUNCTION = YES;
				GCC_WARN_UNUSED_VARIABLE = YES;
				IPHONEOS_DEPLOYMENT_TARGET = 11.2;
				MTL_ENABLE_DEBUG_INFO = YES;
				ONLY_ACTIVE_ARCH = YES;
				SDKROOT = iphoneos;
				SWIFT_ACTIVE_COMPILATION_CONDITIONS = DEBUG;
				SWIFT_OPTIMIZATION_LEVEL = "-Onone";
			};
			name = Debug;
		};
		EF199FA520589B2200E53E51 /* Release */ = {
			isa = XCBuildConfiguration;
			buildSettings = {
				ALWAYS_SEARCH_USER_PATHS = NO;
				CLANG_ANALYZER_NONNULL = YES;
				CLANG_ANALYZER_NUMBER_OBJECT_CONVERSION = YES_AGGRESSIVE;
				CLANG_CXX_LANGUAGE_STANDARD = "gnu++14";
				CLANG_CXX_LIBRARY = "libc++";
				CLANG_ENABLE_MODULES = YES;
				CLANG_ENABLE_OBJC_ARC = YES;
				CLANG_WARN_BLOCK_CAPTURE_AUTORELEASING = YES;
				CLANG_WARN_BOOL_CONVERSION = YES;
				CLANG_WARN_COMMA = YES;
				CLANG_WARN_CONSTANT_CONVERSION = YES;
				CLANG_WARN_DIRECT_OBJC_ISA_USAGE = YES_ERROR;
				CLANG_WARN_DOCUMENTATION_COMMENTS = YES;
				CLANG_WARN_EMPTY_BODY = YES;
				CLANG_WARN_ENUM_CONVERSION = YES;
				CLANG_WARN_INFINITE_RECURSION = YES;
				CLANG_WARN_INT_CONVERSION = YES;
				CLANG_WARN_NON_LITERAL_NULL_CONVERSION = YES;
				CLANG_WARN_OBJC_LITERAL_CONVERSION = YES;
				CLANG_WARN_OBJC_ROOT_CLASS = YES_ERROR;
				CLANG_WARN_RANGE_LOOP_ANALYSIS = YES;
				CLANG_WARN_STRICT_PROTOTYPES = YES;
				CLANG_WARN_SUSPICIOUS_MOVE = YES;
				CLANG_WARN_UNGUARDED_AVAILABILITY = YES_AGGRESSIVE;
				CLANG_WARN_UNREACHABLE_CODE = YES;
				CLANG_WARN__DUPLICATE_METHOD_MATCH = YES;
				CODE_SIGN_IDENTITY = "iPhone Developer";
				COPY_PHASE_STRIP = NO;
				DEBUG_INFORMATION_FORMAT = "dwarf-with-dsym";
				ENABLE_NS_ASSERTIONS = NO;
				ENABLE_STRICT_OBJC_MSGSEND = YES;
				GCC_C_LANGUAGE_STANDARD = gnu11;
				GCC_NO_COMMON_BLOCKS = YES;
				GCC_WARN_64_TO_32_BIT_CONVERSION = YES;
				GCC_WARN_ABOUT_RETURN_TYPE = YES_ERROR;
				GCC_WARN_UNDECLARED_SELECTOR = YES;
				GCC_WARN_UNINITIALIZED_AUTOS = YES_AGGRESSIVE;
				GCC_WARN_UNUSED_FUNCTION = YES;
				GCC_WARN_UNUSED_VARIABLE = YES;
				IPHONEOS_DEPLOYMENT_TARGET = 11.2;
				MTL_ENABLE_DEBUG_INFO = NO;
				SDKROOT = iphoneos;
				SWIFT_OPTIMIZATION_LEVEL = "-Owholemodule";
				VALIDATE_PRODUCT = YES;
			};
			name = Release;
		};
		EF199FA720589B2200E53E51 /* Debug */ = {
			isa = XCBuildConfiguration;
			buildSettings = {
				ASSETCATALOG_COMPILER_APPICON_NAME = AppIcon;
				CODE_SIGN_STYLE = Automatic;
				DEVELOPMENT_TEAM = 8V82X98L5Q;
				INFOPLIST_FILE = SimpleLocation/Info.plist;
				LD_RUNPATH_SEARCH_PATHS = "$(inherited) @executable_path/Frameworks";
				PRODUCT_BUNDLE_IDENTIFIER = com.gmail.chidiemeh184.SimpleLocation;
				PRODUCT_NAME = "$(TARGET_NAME)";
				SWIFT_VERSION = 4.0;
				TARGETED_DEVICE_FAMILY = "1,2";
			};
			name = Debug;
		};
		EF199FA820589B2200E53E51 /* Release */ = {
			isa = XCBuildConfiguration;
			buildSettings = {
				ASSETCATALOG_COMPILER_APPICON_NAME = AppIcon;
				CODE_SIGN_STYLE = Automatic;
				DEVELOPMENT_TEAM = 8V82X98L5Q;
				INFOPLIST_FILE = SimpleLocation/Info.plist;
				LD_RUNPATH_SEARCH_PATHS = "$(inherited) @executable_path/Frameworks";
				PRODUCT_BUNDLE_IDENTIFIER = com.gmail.chidiemeh184.SimpleLocation;
				PRODUCT_NAME = "$(TARGET_NAME)";
				SWIFT_VERSION = 4.0;
				TARGETED_DEVICE_FAMILY = "1,2";
			};
			name = Release;
		};
/* End XCBuildConfiguration section */

/* Begin XCConfigurationList section */
		EF199F8C20589B2200E53E51 /* Build configuration list for PBXProject "SimpleLocation" */ = {
			isa = XCConfigurationList;
			buildConfigurations = (
				EF199FA420589B2200E53E51 /* Debug */,
				EF199FA520589B2200E53E51 /* Release */,
			);
			defaultConfigurationIsVisible = 0;
			defaultConfigurationName = Release;
		};
		EF199FA620589B2200E53E51 /* Build configuration list for PBXNativeTarget "SimpleLocation" */ = {
			isa = XCConfigurationList;
			buildConfigurations = (
				EF199FA720589B2200E53E51 /* Debug */,
				EF199FA820589B2200E53E51 /* Release */,
			);
			defaultConfigurationIsVisible = 0;
			defaultConfigurationName = Release;
		};
/* End XCConfigurationList section */

/* Begin XCVersionGroup section */
		EF199F9B20589B2200E53E51 /* SimpleLocation.xcdatamodeld */ = {
			isa = XCVersionGroup;
			children = (
				EF199F9C20589B2200E53E51 /* SimpleLocation.xcdatamodel */,
			);
			currentVersion = EF199F9C20589B2200E53E51 /* SimpleLocation.xcdatamodel */;
			path = SimpleLocation.xcdatamodeld;
			sourceTree = "<group>";
			versionGroupType = wrapper.xcdatamodel;
		};
/* End XCVersionGroup section */
	};
	rootObject = EF199F8920589B2200E53E51 /* Project object */;
}
